// !$*UTF8*$!
{
	archiveVersion = 1;
	classes = {
	};
	objectVersion = 50;
	objects = {

/* Begin PBXBuildFile section */
		237B072A26A8753B00C7441F /* GradeCalculatorApp.swift in Sources */ = {isa = PBXBuildFile; fileRef = 237B072926A8753B00C7441F /* GradeCalculatorApp.swift */; };
		237B072C26A8753B00C7441F /* ContentView.swift in Sources */ = {isa = PBXBuildFile; fileRef = 237B072B26A8753B00C7441F /* ContentView.swift */; };
		237B072E26A8753B00C7441F /* Assets.xcassets in Resources */ = {isa = PBXBuildFile; fileRef = 237B072D26A8753B00C7441F /* Assets.xcassets */; };
		237B073126A8753B00C7441F /* Preview Assets.xcassets in Resources */ = {isa = PBXBuildFile; fileRef = 237B073026A8753B00C7441F /* Preview Assets.xcassets */; };
		237B073D26A8753B00C7441F /* GradeCalculatorTests.swift in Sources */ = {isa = PBXBuildFile; fileRef = 237B073C26A8753B00C7441F /* GradeCalculatorTests.swift */; };
		237B074826A8753B00C7441F /* GradeCalculatorUITests.swift in Sources */ = {isa = PBXBuildFile; fileRef = 237B074726A8753B00C7441F /* GradeCalculatorUITests.swift */; };
/* End PBXBuildFile section */

/* Begin PBXContainerItemProxy section */
		237B073926A8753B00C7441F /* PBXContainerItemProxy */ = {
			isa = PBXContainerItemProxy;
			containerPortal = 237B071E26A8753B00C7441F /* Project object */;
			proxyType = 1;
			remoteGlobalIDString = 237B072526A8753B00C7441F;
			remoteInfo = GradeCalculator;
		};
		237B074426A8753B00C7441F /* PBXContainerItemProxy */ = {
			isa = PBXContainerItemProxy;
			containerPortal = 237B071E26A8753B00C7441F /* Project object */;
			proxyType = 1;
			remoteGlobalIDString = 237B072526A8753B00C7441F;
			remoteInfo = GradeCalculator;
		};
/* End PBXContainerItemProxy section */

/* Begin PBXFileReference section */
		237B072626A8753B00C7441F /* GradeCalculator.app */ = {isa = PBXFileReference; explicitFileType = wrapper.application; includeInIndex = 0; path = GradeCalculator.app; sourceTree = BUILT_PRODUCTS_DIR; };
		237B072926A8753B00C7441F /* GradeCalculatorApp.swift */ = {isa = PBXFileReference; lastKnownFileType = sourcecode.swift; path = GradeCalculatorApp.swift; sourceTree = "<group>"; };
		237B072B26A8753B00C7441F /* ContentView.swift */ = {isa = PBXFileReference; lastKnownFileType = sourcecode.swift; path = ContentView.swift; sourceTree = "<group>"; };
		237B072D26A8753B00C7441F /* Assets.xcassets */ = {isa = PBXFileReference; lastKnownFileType = folder.assetcatalog; path = Assets.xcassets; sourceTree = "<group>"; };
		237B073026A8753B00C7441F /* Preview Assets.xcassets */ = {isa = PBXFileReference; lastKnownFileType = folder.assetcatalog; path = "Preview Assets.xcassets"; sourceTree = "<group>"; };
		237B073226A8753B00C7441F /* Info.plist */ = {isa = PBXFileReference; lastKnownFileType = text.plist.xml; path = Info.plist; sourceTree = "<group>"; };
		237B073326A8753B00C7441F /* GradeCalculator.entitlements */ = {isa = PBXFileReference; lastKnownFileType = text.plist.entitlements; path = GradeCalculator.entitlements; sourceTree = "<group>"; };
		237B073826A8753B00C7441F /* GradeCalculatorTests.xctest */ = {isa = PBXFileReference; explicitFileType = wrapper.cfbundle; includeInIndex = 0; path = GradeCalculatorTests.xctest; sourceTree = BUILT_PRODUCTS_DIR; };
		237B073C26A8753B00C7441F /* GradeCalculatorTests.swift */ = {isa = PBXFileReference; lastKnownFileType = sourcecode.swift; path = GradeCalculatorTests.swift; sourceTree = "<group>"; };
		237B073E26A8753B00C7441F /* Info.plist */ = {isa = PBXFileReference; lastKnownFileType = text.plist.xml; path = Info.plist; sourceTree = "<group>"; };
		237B074326A8753B00C7441F /* GradeCalculatorUITests.xctest */ = {isa = PBXFileReference; explicitFileType = wrapper.cfbundle; includeInIndex = 0; path = GradeCalculatorUITests.xctest; sourceTree = BUILT_PRODUCTS_DIR; };
		237B074726A8753B00C7441F /* GradeCalculatorUITests.swift */ = {isa = PBXFileReference; lastKnownFileType = sourcecode.swift; path = GradeCalculatorUITests.swift; sourceTree = "<group>"; };
		237B074926A8753B00C7441F /* Info.plist */ = {isa = PBXFileReference; lastKnownFileType = text.plist.xml; path = Info.plist; sourceTree = "<group>"; };
/* End PBXFileReference section */

/* Begin PBXFrameworksBuildPhase section */
		237B072326A8753B00C7441F /* Frameworks */ = {
			isa = PBXFrameworksBuildPhase;
			buildActionMask = 2147483647;
			files = (
			);
			runOnlyForDeploymentPostprocessing = 0;
		};
		237B073526A8753B00C7441F /* Frameworks */ = {
			isa = PBXFrameworksBuildPhase;
			buildActionMask = 2147483647;
			files = (
			);
			runOnlyForDeploymentPostprocessing = 0;
		};
		237B074026A8753B00C7441F /* Frameworks */ = {
			isa = PBXFrameworksBuildPhase;
			buildActionMask = 2147483647;
			files = (
			);
			runOnlyForDeploymentPostprocessing = 0;
		};
/* End PBXFrameworksBuildPhase section */

/* Begin PBXGroup section */
		237B071D26A8753B00C7441F = {
			isa = PBXGroup;
			children = (
				237B072826A8753B00C7441F /* GradeCalculator */,
				237B073B26A8753B00C7441F /* GradeCalculatorTests */,
				237B074626A8753B00C7441F /* GradeCalculatorUITests */,
				237B072726A8753B00C7441F /* Products */,
			);
			sourceTree = "<group>";
		};
		237B072726A8753B00C7441F /* Products */ = {
			isa = PBXGroup;
			children = (
				237B072626A8753B00C7441F /* GradeCalculator.app */,
				237B073826A8753B00C7441F /* GradeCalculatorTests.xctest */,
				237B074326A8753B00C7441F /* GradeCalculatorUITests.xctest */,
			);
			name = Products;
			sourceTree = "<group>";
		};
		237B072826A8753B00C7441F /* GradeCalculator */ = {
			isa = PBXGroup;
			children = (
				237B072926A8753B00C7441F /* GradeCalculatorApp.swift */,
				237B072B26A8753B00C7441F /* ContentView.swift */,
				237B072D26A8753B00C7441F /* Assets.xcassets */,
				237B073226A8753B00C7441F /* Info.plist */,
				237B073326A8753B00C7441F /* GradeCalculator.entitlements */,
				237B072F26A8753B00C7441F /* Preview Content */,
			);
			path = GradeCalculator;
			sourceTree = "<group>";
		};
		237B072F26A8753B00C7441F /* Preview Content */ = {
			isa = PBXGroup;
			children = (
				237B073026A8753B00C7441F /* Preview Assets.xcassets */,
			);
			path = "Preview Content";
			sourceTree = "<group>";
		};
		237B073B26A8753B00C7441F /* GradeCalculatorTests */ = {
			isa = PBXGroup;
			children = (
				237B073C26A8753B00C7441F /* GradeCalculatorTests.swift */,
				237B073E26A8753B00C7441F /* Info.plist */,
			);
			path = GradeCalculatorTests;
			sourceTree = "<group>";
		};
		237B074626A8753B00C7441F /* GradeCalculatorUITests */ = {
			isa = PBXGroup;
			children = (
				237B074726A8753B00C7441F /* GradeCalculatorUITests.swift */,
				237B074926A8753B00C7441F /* Info.plist */,
			);
			path = GradeCalculatorUITests;
			sourceTree = "<group>";
		};
/* End PBXGroup section */

/* Begin PBXNativeTarget section */
		237B072526A8753B00C7441F /* GradeCalculator */ = {
			isa = PBXNativeTarget;
			buildConfigurationList = 237B074C26A8753B00C7441F /* Build configuration list for PBXNativeTarget "GradeCalculator" */;
			buildPhases = (
				237B072226A8753B00C7441F /* Sources */,
				237B072326A8753B00C7441F /* Frameworks */,
				237B072426A8753B00C7441F /* Resources */,
			);
			buildRules = (
			);
			dependencies = (
			);
			name = GradeCalculator;
			productName = GradeCalculator;
			productReference = 237B072626A8753B00C7441F /* GradeCalculator.app */;
			productType = "com.apple.product-type.application";
		};
		237B073726A8753B00C7441F /* GradeCalculatorTests */ = {
			isa = PBXNativeTarget;
			buildConfigurationList = 237B074F26A8753B00C7441F /* Build configuration list for PBXNativeTarget "GradeCalculatorTests" */;
			buildPhases = (
				237B073426A8753B00C7441F /* Sources */,
				237B073526A8753B00C7441F /* Frameworks */,
				237B073626A8753B00C7441F /* Resources */,
			);
			buildRules = (
			);
			dependencies = (
				237B073A26A8753B00C7441F /* PBXTargetDependency */,
			);
			name = GradeCalculatorTests;
			productName = GradeCalculatorTests;
			productReference = 237B073826A8753B00C7441F /* GradeCalculatorTests.xctest */;
			productType = "com.apple.product-type.bundle.unit-test";
		};
		237B074226A8753B00C7441F /* GradeCalculatorUITests */ = {
			isa = PBXNativeTarget;
			buildConfigurationList = 237B075226A8753B00C7441F /* Build configuration list for PBXNativeTarget "GradeCalculatorUITests" */;
			buildPhases = (
				237B073F26A8753B00C7441F /* Sources */,
				237B074026A8753B00C7441F /* Frameworks */,
				237B074126A8753B00C7441F /* Resources */,
			);
			buildRules = (
			);
			dependencies = (
				237B074526A8753B00C7441F /* PBXTargetDependency */,
			);
			name = GradeCalculatorUITests;
			productName = GradeCalculatorUITests;
			productReference = 237B074326A8753B00C7441F /* GradeCalculatorUITests.xctest */;
			productType = "com.apple.product-type.bundle.ui-testing";
		};
/* End PBXNativeTarget section */

/* Begin PBXProject section */
		237B071E26A8753B00C7441F /* Project object */ = {
			isa = PBXProject;
			attributes = {
				LastSwiftUpdateCheck = 1240;
				LastUpgradeCheck = 1240;
				TargetAttributes = {
					237B072526A8753B00C7441F = {
						CreatedOnToolsVersion = 12.4;
					};
					237B073726A8753B00C7441F = {
						CreatedOnToolsVersion = 12.4;
						TestTargetID = 237B072526A8753B00C7441F;
					};
					237B074226A8753B00C7441F = {
						CreatedOnToolsVersion = 12.4;
						TestTargetID = 237B072526A8753B00C7441F;
					};
				};
			};
			buildConfigurationList = 237B072126A8753B00C7441F /* Build configuration list for PBXProject "GradeCalculator" */;
			compatibilityVersion = "Xcode 9.3";
			developmentRegion = en;
			hasScannedForEncodings = 0;
			knownRegions = (
				en,
				Base,
			);
			mainGroup = 237B071D26A8753B00C7441F;
			productRefGroup = 237B072726A8753B00C7441F /* Products */;
			projectDirPath = "";
			projectRoot = "";
			targets = (
				237B072526A8753B00C7441F /* GradeCalculator */,
				237B073726A8753B00C7441F /* GradeCalculatorTests */,
				237B074226A8753B00C7441F /* GradeCalculatorUITests */,
			);
		};
/* End PBXProject section */

/* Begin PBXResourcesBuildPhase section */
		237B072426A8753B00C7441F /* Resources */ = {
			isa = PBXResourcesBuildPhase;
			buildActionMask = 2147483647;
			files = (
				237B073126A8753B00C7441F /* Preview Assets.xcassets in Resources */,
				237B072E26A8753B00C7441F /* Assets.xcassets in Resources */,
			);
			runOnlyForDeploymentPostprocessing = 0;
		};
		237B073626A8753B00C7441F /* Resources */ = {
			isa = PBXResourcesBuildPhase;
			buildActionMask = 2147483647;
			files = (
			);
			runOnlyForDeploymentPostprocessing = 0;
		};
		237B074126A8753B00C7441F /* Resources */ = {
			isa = PBXResourcesBuildPhase;
			buildActionMask = 2147483647;
			files = (
			);
			runOnlyForDeploymentPostprocessing = 0;
		};
/* End PBXResourcesBuildPhase section */

/* Begin PBXSourcesBuildPhase section */
		237B072226A8753B00C7441F /* Sources */ = {
			isa = PBXSourcesBuildPhase;
			buildActionMask = 2147483647;
			files = (
				237B072C26A8753B00C7441F /* ContentView.swift in Sources */,
				237B072A26A8753B00C7441F /* GradeCalculatorApp.swift in Sources */,
			);
			runOnlyForDeploymentPostprocessing = 0;
		};
		237B073426A8753B00C7441F /* Sources */ = {
			isa = PBXSourcesBuildPhase;
			buildActionMask = 2147483647;
			files = (
				237B073D26A8753B00C7441F /* GradeCalculatorTests.swift in Sources */,
			);
			runOnlyForDeploymentPostprocessing = 0;
		};
		237B073F26A8753B00C7441F /* Sources */ = {
			isa = PBXSourcesBuildPhase;
			buildActionMask = 2147483647;
			files = (
				237B074826A8753B00C7441F /* GradeCalculatorUITests.swift in Sources */,
			);
			runOnlyForDeploymentPostprocessing = 0;
		};
/* End PBXSourcesBuildPhase section */

/* Begin PBXTargetDependency section */
		237B073A26A8753B00C7441F /* PBXTargetDependency */ = {
			isa = PBXTargetDependency;
			target = 237B072526A8753B00C7441F /* GradeCalculator */;
			targetProxy = 237B073926A8753B00C7441F /* PBXContainerItemProxy */;
		};
		237B074526A8753B00C7441F /* PBXTargetDependency */ = {
			isa = PBXTargetDependency;
			target = 237B072526A8753B00C7441F /* GradeCalculator */;
			targetProxy = 237B074426A8753B00C7441F /* PBXContainerItemProxy */;
		};
/* End PBXTargetDependency section */

/* Begin XCBuildConfiguration section */
		237B074A26A8753B00C7441F /* Debug */ = {
			isa = XCBuildConfiguration;
			buildSettings = {
				ALWAYS_SEARCH_USER_PATHS = NO;
				CLANG_ANALYZER_NONNULL = YES;
				CLANG_ANALYZER_NUMBER_OBJECT_CONVERSION = YES_AGGRESSIVE;
				CLANG_CXX_LANGUAGE_STANDARD = "gnu++14";
				CLANG_CXX_LIBRARY = "libc++";
				CLANG_ENABLE_MODULES = YES;
				CLANG_ENABLE_OBJC_ARC = YES;
				CLANG_ENABLE_OBJC_WEAK = YES;
				CLANG_WARN_BLOCK_CAPTURE_AUTORELEASING = YES;
				CLANG_WARN_BOOL_CONVERSION = YES;
				CLANG_WARN_COMMA = YES;
				CLANG_WARN_CONSTANT_CONVERSION = YES;
				CLANG_WARN_DEPRECATED_OBJC_IMPLEMENTATIONS = YES;
				CLANG_WARN_DIRECT_OBJC_ISA_USAGE = YES_ERROR;
				CLANG_WARN_DOCUMENTATION_COMMENTS = YES;
				CLANG_WARN_EMPTY_BODY = YES;
				CLANG_WARN_ENUM_CONVERSION = YES;
				CLANG_WARN_INFINITE_RECURSION = YES;
				CLANG_WARN_INT_CONVERSION = YES;
				CLANG_WARN_NON_LITERAL_NULL_CONVERSION = YES;
				CLANG_WARN_OBJC_IMPLICIT_RETAIN_SELF = YES;
				CLANG_WARN_OBJC_LITERAL_CONVERSION = YES;
				CLANG_WARN_OBJC_ROOT_CLASS = YES_ERROR;
				CLANG_WARN_QUOTED_INCLUDE_IN_FRAMEWORK_HEADER = YES;
				CLANG_WARN_RANGE_LOOP_ANALYSIS = YES;
				CLANG_WARN_STRICT_PROTOTYPES = YES;
				CLANG_WARN_SUSPICIOUS_MOVE = YES;
				CLANG_WARN_UNGUARDED_AVAILABILITY = YES_AGGRESSIVE;
				CLANG_WARN_UNREACHABLE_CODE = YES;
				CLANG_WARN__DUPLICATE_METHOD_MATCH = YES;
				COPY_PHASE_STRIP = NO;
				DEBUG_INFORMATION_FORMAT = dwarf;
				ENABLE_STRICT_OBJC_MSGSEND = YES;
				ENABLE_TESTABILITY = YES;
				GCC_C_LANGUAGE_STANDARD = gnu11;
				GCC_DYNAMIC_NO_PIC = NO;
				GCC_NO_COMMON_BLOCKS = YES;
				GCC_OPTIMIZATION_LEVEL = 0;
				GCC_PREPROCESSOR_DEFINITIONS = (
					"DEBUG=1",
					"$(inherited)",
				);
				GCC_WARN_64_TO_32_BIT_CONVERSION = YES;
				GCC_WARN_ABOUT_RETURN_TYPE = YES_ERROR;
				GCC_WARN_UNDECLARED_SELECTOR = YES;
				GCC_WARN_UNINITIALIZED_AUTOS = YES_AGGRESSIVE;
				GCC_WARN_UNUSED_FUNCTION = YES;
				GCC_WARN_UNUSED_VARIABLE = YES;
				MACOSX_DEPLOYMENT_TARGET = 11.1;
				MTL_ENABLE_DEBUG_INFO = INCLUDE_SOURCE;
				MTL_FAST_MATH = YES;
				ONLY_ACTIVE_ARCH = YES;
				SDKROOT = macosx;
				SWIFT_ACTIVE_COMPILATION_CONDITIONS = DEBUG;
				SWIFT_OPTIMIZATION_LEVEL = "-Onone";
			};
			name = Debug;
		};
		237B074B26A8753B00C7441F /* Release */ = {
			isa = XCBuildConfiguration;
			buildSettings = {
				ALWAYS_SEARCH_USER_PATHS = NO;
				CLANG_ANALYZER_NONNULL = YES;
				CLANG_ANALYZER_NUMBER_OBJECT_CONVERSION = YES_AGGRESSIVE;
				CLANG_CXX_LANGUAGE_STANDARD = "gnu++14";
				CLANG_CXX_LIBRARY = "libc++";
				CLANG_ENABLE_MODULES = YES;
				CLANG_ENABLE_OBJC_ARC = YES;
				CLANG_ENABLE_OBJC_WEAK = YES;
				CLANG_WARN_BLOCK_CAPTURE_AUTORELEASING = YES;
				CLANG_WARN_BOOL_CONVERSION = YES;
				CLANG_WARN_COMMA = YES;
				CLANG_WARN_CONSTANT_CONVERSION = YES;
				CLANG_WARN_DEPRECATED_OBJC_IMPLEMENTATIONS = YES;
				CLANG_WARN_DIRECT_OBJC_ISA_USAGE = YES_ERROR;
				CLANG_WARN_DOCUMENTATION_COMMENTS = YES;
				CLANG_WARN_EMPTY_BODY = YES;
				CLANG_WARN_ENUM_CONVERSION = YES;
				CLANG_WARN_INFINITE_RECURSION = YES;
				CLANG_WARN_INT_CONVERSION = YES;
				CLANG_WARN_NON_LITERAL_NULL_CONVERSION = YES;
				CLANG_WARN_OBJC_IMPLICIT_RETAIN_SELF = YES;
				CLANG_WARN_OBJC_LITERAL_CONVERSION = YES;
				CLANG_WARN_OBJC_ROOT_CLASS = YES_ERROR;
				CLANG_WARN_QUOTED_INCLUDE_IN_FRAMEWORK_HEADER = YES;
				CLANG_WARN_RANGE_LOOP_ANALYSIS = YES;
				CLANG_WARN_STRICT_PROTOTYPES = YES;
				CLANG_WARN_SUSPICIOUS_MOVE = YES;
				CLANG_WARN_UNGUARDED_AVAILABILITY = YES_AGGRESSIVE;
				CLANG_WARN_UNREACHABLE_CODE = YES;
				CLANG_WARN__DUPLICATE_METHOD_MATCH = YES;
				COPY_PHASE_STRIP = NO;
				DEBUG_INFORMATION_FORMAT = "dwarf-with-dsym";
				ENABLE_NS_ASSERTIONS = NO;
				ENABLE_STRICT_OBJC_MSGSEND = YES;
				GCC_C_LANGUAGE_STANDARD = gnu11;
				GCC_NO_COMMON_BLOCKS = YES;
				GCC_WARN_64_TO_32_BIT_CONVERSION = YES;
				GCC_WARN_ABOUT_RETURN_TYPE = YES_ERROR;
				GCC_WARN_UNDECLARED_SELECTOR = YES;
				GCC_WARN_UNINITIALIZED_AUTOS = YES_AGGRESSIVE;
				GCC_WARN_UNUSED_FUNCTION = YES;
				GCC_WARN_UNUSED_VARIABLE = YES;
				MACOSX_DEPLOYMENT_TARGET = 11.1;
				MTL_ENABLE_DEBUG_INFO = NO;
				MTL_FAST_MATH = YES;
				SDKROOT = macosx;
				SWIFT_COMPILATION_MODE = wholemodule;
				SWIFT_OPTIMIZATION_LEVEL = "-O";
			};
			name = Release;
		};
		237B074D26A8753B00C7441F /* Debug */ = {
			isa = XCBuildConfiguration;
			buildSettings = {
				ASSETCATALOG_COMPILER_APPICON_NAME = AppIcon;
				ASSETCATALOG_COMPILER_GLOBAL_ACCENT_COLOR_NAME = AccentColor;
				CODE_SIGN_ENTITLEMENTS = GradeCalculator/GradeCalculator.entitlements;
				CODE_SIGN_STYLE = Automatic;
				COMBINE_HIDPI_IMAGES = YES;
				DEVELOPMENT_ASSET_PATHS = "\"GradeCalculator/Preview Content\"";
				ENABLE_PREVIEWS = YES;
				INFOPLIST_FILE = GradeCalculator/Info.plist;
				LD_RUNPATH_SEARCH_PATHS = (
					"$(inherited)",
					"@executable_path/../Frameworks",
				);
				MACOSX_DEPLOYMENT_TARGET = 11.0;
				PRODUCT_BUNDLE_IDENTIFIER = com.nerdishbynature.GradeCalculator;
				PRODUCT_NAME = "$(TARGET_NAME)";
				SWIFT_VERSION = 5.0;
			};
			name = Debug;
		};
		237B074E26A8753B00C7441F /* Release */ = {
			isa = XCBuildConfiguration;
			buildSettings = {
				ASSETCATALOG_COMPILER_APPICON_NAME = AppIcon;
				ASSETCATALOG_COMPILER_GLOBAL_ACCENT_COLOR_NAME = AccentColor;
				CODE_SIGN_ENTITLEMENTS = GradeCalculator/GradeCalculator.entitlements;
				CODE_SIGN_STYLE = Automatic;
				COMBINE_HIDPI_IMAGES = YES;
				DEVELOPMENT_ASSET_PATHS = "\"GradeCalculator/Preview Content\"";
				ENABLE_PREVIEWS = YES;
				INFOPLIST_FILE = GradeCalculator/Info.plist;
				LD_RUNPATH_SEARCH_PATHS = (
					"$(inherited)",
					"@executable_path/../Frameworks",
				);
				MACOSX_DEPLOYMENT_TARGET = 11.0;
				PRODUCT_BUNDLE_IDENTIFIER = com.nerdishbynature.GradeCalculator;
				PRODUCT_NAME = "$(TARGET_NAME)";
				SWIFT_VERSION = 5.0;
			};
			name = Release;
		};
		237B075026A8753B00C7441F /* Debug */ = {
			isa = XCBuildConfiguration;
			buildSettings = {
				ALWAYS_EMBED_SWIFT_STANDARD_LIBRARIES = YES;
				BUNDLE_LOADER = "$(TEST_HOST)";
				CODE_SIGN_STYLE = Automatic;
				COMBINE_HIDPI_IMAGES = YES;
				INFOPLIST_FILE = GradeCalculatorTests/Info.plist;
				LD_RUNPATH_SEARCH_PATHS = (
					"$(inherited)",
					"@executable_path/../Frameworks",
					"@loader_path/../Frameworks",
				);
				MACOSX_DEPLOYMENT_TARGET = 11.0;
				PRODUCT_BUNDLE_IDENTIFIER = com.nerdishbynature.GradeCalculatorTests;
				PRODUCT_NAME = "$(TARGET_NAME)";
				SWIFT_VERSION = 5.0;
				TEST_HOST = "$(BUILT_PRODUCTS_DIR)/GradeCalculator.app/Contents/MacOS/GradeCalculator";
			};
			name = Debug;
		};
		237B075126A8753B00C7441F /* Release */ = {
			isa = XCBuildConfiguration;
			buildSettings = {
				ALWAYS_EMBED_SWIFT_STANDARD_LIBRARIES = YES;
				BUNDLE_LOADER = "$(TEST_HOST)";
				CODE_SIGN_STYLE = Automatic;
				COMBINE_HIDPI_IMAGES = YES;
				INFOPLIST_FILE = GradeCalculatorTests/Info.plist;
				LD_RUNPATH_SEARCH_PATHS = (
					"$(inherited)",
					"@executable_path/../Frameworks",
					"@loader_path/../Frameworks",
				);
				MACOSX_DEPLOYMENT_TARGET = 11.0;
				PRODUCT_BUNDLE_IDENTIFIER = com.nerdishbynature.GradeCalculatorTests;
				PRODUCT_NAME = "$(TARGET_NAME)";
				SWIFT_VERSION = 5.0;
				TEST_HOST = "$(BUILT_PRODUCTS_DIR)/GradeCalculator.app/Contents/MacOS/GradeCalculator";
			};
			name = Release;
		};
		237B075326A8753B00C7441F /* Debug */ = {
			isa = XCBuildConfiguration;
			buildSettings = {
				ALWAYS_EMBED_SWIFT_STANDARD_LIBRARIES = YES;
				CODE_SIGN_STYLE = Automatic;
				COMBINE_HIDPI_IMAGES = YES;
				INFOPLIST_FILE = GradeCalculatorUITests/Info.plist;
				LD_RUNPATH_SEARCH_PATHS = (
					"$(inherited)",
					"@executable_path/../Frameworks",
					"@loader_path/../Frameworks",
				);
				PRODUCT_BUNDLE_IDENTIFIER = com.nerdishbynature.GradeCalculatorUITests;
				PRODUCT_NAME = "$(TARGET_NAME)";
				SWIFT_VERSION = 5.0;
				TEST_TARGET_NAME = GradeCalculator;
			};
			name = Debug;
		};
		237B075426A8753B00C7441F /* Release */ = {
			isa = XCBuildConfiguration;
			buildSettings = {
				ALWAYS_EMBED_SWIFT_STANDARD_LIBRARIES = YES;
				CODE_SIGN_STYLE = Automatic;
				COMBINE_HIDPI_IMAGES = YES;
				INFOPLIST_FILE = GradeCalculatorUITests/Info.plist;
				LD_RUNPATH_SEARCH_PATHS = (
					"$(inherited)",
					"@executable_path/../Frameworks",
					"@loader_path/../Frameworks",
				);
				PRODUCT_BUNDLE_IDENTIFIER = com.nerdishbynature.GradeCalculatorUITests;
				PRODUCT_NAME = "$(TARGET_NAME)";
				SWIFT_VERSION = 5.0;
				TEST_TARGET_NAME = GradeCalculator;
			};
			name = Release;
		};
/* End XCBuildConfiguration section */

/* Begin XCConfigurationList section */
		237B072126A8753B00C7441F /* Build configuration list for PBXProject "GradeCalculator" */ = {
			isa = XCConfigurationList;
			buildConfigurations = (
				237B074A26A8753B00C7441F /* Debug */,
				237B074B26A8753B00C7441F /* Release */,
			);
			defaultConfigurationIsVisible = 0;
			defaultConfigurationName = Release;
		};
		237B074C26A8753B00C7441F /* Build configuration list for PBXNativeTarget "GradeCalculator" */ = {
			isa = XCConfigurationList;
			buildConfigurations = (
				237B074D26A8753B00C7441F /* Debug */,
				237B074E26A8753B00C7441F /* Release */,
			);
			defaultConfigurationIsVisible = 0;
			defaultConfigurationName = Release;
		};
		237B074F26A8753B00C7441F /* Build configuration list for PBXNativeTarget "GradeCalculatorTests" */ = {
			isa = XCConfigurationList;
			buildConfigurations = (
				237B075026A8753B00C7441F /* Debug */,
				237B075126A8753B00C7441F /* Release */,
			);
			defaultConfigurationIsVisible = 0;
			defaultConfigurationName = Release;
		};
		237B075226A8753B00C7441F /* Build configuration list for PBXNativeTarget "GradeCalculatorUITests" */ = {
			isa = XCConfigurationList;
			buildConfigurations = (
				237B075326A8753B00C7441F /* Debug */,
				237B075426A8753B00C7441F /* Release */,
			);
			defaultConfigurationIsVisible = 0;
			defaultConfigurationName = Release;
		};
/* End XCConfigurationList section */
	};
	rootObject = 237B071E26A8753B00C7441F /* Project object */;
}
